
Microsoft Visual Studio Solution File, Format Version 11.00
# Visual Studio 2010
Project("{FAE04EC0-301F-11D3-BF4B-00C04F79EFBC}") = "Minotaur", "Minotaur\Minotaur.csproj", "{CF5431A0-2FC1-4FE8-8150-0EC6E669C7FC}"
EndProject
Project("{FAE04EC0-301F-11D3-BF4B-00C04F79EFBC}") = "Tests", "TestProject1\Tests.csproj", "{FBDFF6BF-0D0A-43FD-9D7F-CE4F0CD88378}"
EndProject
Project("{2150E333-8FDC-42A3-9474-1A3956D46DE8}") = "Solution Items", "Solution Items", "{81B9B860-3CB7-4953-8007-BAF7252526F9}"
	ProjectSection(SolutionItems) = preProject
		Local.testsettings = Local.testsettings
		Minotaur.vsmdi = Minotaur.vsmdi
		TraceAndTestImpact.testsettings = TraceAndTestImpact.testsettings
	EndProjectSection
EndProject
Global
	GlobalSection(TestCaseManagementSettings) = postSolution
		CategoryFile = Minotaur.vsmdi
	EndGlobalSection
	GlobalSection(SolutionConfigurationPlatforms) = preSolution
		Debug|Any CPU = Debug|Any CPU
		Debug|Mixed Platforms = Debug|Mixed Platforms
		Debug|x86 = Debug|x86
		Release|Any CPU = Release|Any CPU
		Release|Mixed Platforms = Release|Mixed Platforms
		Release|x86 = Release|x86
	EndGlobalSection
	GlobalSection(ProjectConfigurationPlatforms) = postSolution
		{CF5431A0-2FC1-4FE8-8150-0EC6E669C7FC}.Debug|Any CPU.ActiveCfg = Debug|x86
		{CF5431A0-2FC1-4FE8-8150-0EC6E669C7FC}.Debug|Mixed Platforms.ActiveCfg = Debug|x86
		{CF5431A0-2FC1-4FE8-8150-0EC6E669C7FC}.Debug|Mixed Platforms.Build.0 = Debug|x86
		{CF5431A0-2FC1-4FE8-8150-0EC6E669C7FC}.Debug|x86.ActiveCfg = Debug|x86
		{CF5431A0-2FC1-4FE8-8150-0EC6E669C7FC}.Debug|x86.Build.0 = Debug|x86
		{CF5431A0-2FC1-4FE8-8150-0EC6E669C7FC}.Release|Any CPU.ActiveCfg = Release|x86
		{CF5431A0-2FC1-4FE8-8150-0EC6E669C7FC}.Release|Mixed Platforms.ActiveCfg = Release|x86
		{CF5431A0-2FC1-4FE8-8150-0EC6E669C7FC}.Release|Mixed Platforms.Build.0 = Release|x86
		{CF5431A0-2FC1-4FE8-8150-0EC6E669C7FC}.Release|x86.ActiveCfg = Release|x86
		{CF5431A0-2FC1-4FE8-8150-0EC6E669C7FC}.Release|x86.Build.0 = Release|x86
		{FBDFF6BF-0D0A-43FD-9D7F-CE4F0CD88378}.Debug|Any CPU.ActiveCfg = Debug|Any CPU
		{FBDFF6BF-0D0A-43FD-9D7F-CE4F0CD88378}.Debug|Any CPU.Build.0 = Debug|Any CPU
		{FBDFF6BF-0D0A-43FD-9D7F-CE4F0CD88378}.Debug|Mixed Platforms.ActiveCfg = Debug|Any CPU
		{FBDFF6BF-0D0A-43FD-9D7F-CE4F0CD88378}.Debug|Mixed Platforms.Build.0 = Debug|Any CPU
		{FBDFF6BF-0D0A-43FD-9D7F-CE4F0CD88378}.Debug|x86.ActiveCfg = Debug|Any CPU
		{FBDFF6BF-0D0A-43FD-9D7F-CE4F0CD88378}.Release|Any CPU.ActiveCfg = Release|Any CPU
		{FBDFF6BF-0D0A-43FD-9D7F-CE4F0CD88378}.Release|Any CPU.Build.0 = Release|Any CPU
		{FBDFF6BF-0D0A-43FD-9D7F-CE4F0CD88378}.Release|Mixed Platforms.ActiveCfg = Release|Any CPU
		{FBDFF6BF-0D0A-43FD-9D7F-CE4F0CD88378}.Release|Mixed Platforms.Build.0 = Release|Any CPU
		{FBDFF6BF-0D0A-43FD-9D7F-CE4F0CD88378}.Release|x86.ActiveCfg = Release|Any CPU
	EndGlobalSection
	GlobalSection(SolutionProperties) = preSolution
		HideSolutionNode = FALSE
	EndGlobalSection
EndGlobal
